{
  "name": "frontend-test",
  "lockfileVersion": 2,
  "requires": true,
  "packages": {
    "": {
      "dependencies": {
        "lottie-react": "^2.3.0"
      }
    },
    "node_modules/lottie-react": {
      "version": "2.3.0",
      "resolved": "https://registry.npmjs.org/lottie-react/-/lottie-react-2.3.0.tgz",
      "integrity": "sha512-zf4XCZ6uttAL+7q/vnnrh0r/C7LTO1hBGvAiOEPgNV4l6y8xUPCKT494aV51lafRt7nMjdVrkCdEGOBbpxSPwA==",
      "dependencies": {
        "lottie-web": "^5.8.1"
      },
      "peerDependencies": {
        "react": "^16.8.0 || ^17.0.0 || ^18.0.0",
        "react-dom": "^16.8.0 || ^17.0.0 || ^18.0.0"
      }
    },
    "node_modules/lottie-web": {
      "version": "5.9.4",
      "resolved": "https://registry.npmjs.org/lottie-web/-/lottie-web-5.9.4.tgz",
      "integrity": "sha512-bSs1ZTPifnBVejO1MnQHdfrKfcn02YTCmgOh2wcAEICqRA0V7GzDh8FnwXY6+EzT+i8XOunaIloo/5xC5YNbsA=="
    }
  },
  "dependencies": {
    "lottie-react": {
      "version": "2.3.0",
      "resolved": "https://registry.npmjs.org/lottie-react/-/lottie-react-2.3.0.tgz",
      "integrity": "sha512-zf4XCZ6uttAL+7q/vnnrh0r/C7LTO1hBGvAiOEPgNV4l6y8xUPCKT494aV51lafRt7nMjdVrkCdEGOBbpxSPwA==",
      "requires": {
        "lottie-web": "^5.8.1"
      }
    },
    "lottie-web": {
      "version": "5.9.4",
      "resolved": "https://registry.npmjs.org/lottie-web/-/lottie-web-5.9.4.tgz",
      "integrity": "sha512-bSs1ZTPifnBVejO1MnQHdfrKfcn02YTCmgOh2wcAEICqRA0V7GzDh8FnwXY6+EzT+i8XOunaIloo/5xC5YNbsA=="
    }
  }
}
